
Microsoft Visual Studio Solution File, Format Version 12.00
# Visual Studio Version 16
VisualStudioVersion = 16.0.29020.237
MinimumVisualStudioVersion = 10.0.40219.1
Project("{FAE04EC0-301F-11D3-BF4B-00C04F79EFBC}") = "Lychee.Models", "Lychee.Models\Lychee.Models.csproj", "{7A0CCFA2-6123-4257-953F-5AACBA1BEFEB}"
EndProject
Global
	GlobalSection(SolutionConfigurationPlatforms) = preSolution
		Debug|Any CPU = Debug|Any CPU
		Release|Any CPU = Release|Any CPU
	EndGlobalSection
	GlobalSection(ProjectConfigurationPlatforms) = postSolution
		{7A0CCFA2-6123-4257-953F-5AACBA1BEFEB}.Debug|Any CPU.ActiveCfg = Debug|Any CPU
		{7A0CCFA2-6123-4257-953F-5AACBA1BEFEB}.Debug|Any CPU.Build.0 = Debug|Any CPU
		{7A0CCFA2-6123-4257-953F-5AACBA1BEFEB}.Release|Any CPU.ActiveCfg = Release|Any CPU
		{7A0CCFA2-6123-4257-953F-5AACBA1BEFEB}.Release|Any CPU.Build.0 = Release|Any CPU
	EndGlobalSection
	GlobalSection(SolutionProperties) = preSolution
		HideSolutionNode = FALSE
	EndGlobalSection
	GlobalSection(ExtensibilityGlobals) = postSolution
		SolutionGuid = {4C5A22F2-9A3E-4FAB-BB5E-682818020FE9}
	EndGlobalSection
EndGlobal
